// !$*UTF8*$!
{
	archiveVersion = 1;
	classes = {
	};
	objectVersion = 46;
	objects = {

/* Begin PBXBuildFile section */
		BF68C23D1DC6747500DDB54E /* AppDelegate.swift in Sources */ = {isa = PBXBuildFile; fileRef = BF68C23C1DC6747500DDB54E /* AppDelegate.swift */; };
		BF68C23F1DC6747500DDB54E /* ViewController.swift in Sources */ = {isa = PBXBuildFile; fileRef = BF68C23E1DC6747500DDB54E /* ViewController.swift */; };
		BF68C2441DC6747500DDB54E /* Assets.xcassets in Resources */ = {isa = PBXBuildFile; fileRef = BF68C2431DC6747500DDB54E /* Assets.xcassets */; };
		BF68C2471DC6747500DDB54E /* LaunchScreen.storyboard in Resources */ = {isa = PBXBuildFile; fileRef = BF68C2451DC6747500DDB54E /* LaunchScreen.storyboard */; };
		BF68C24F1DC6751100DDB54E /* CircleView.swift in Sources */ = {isa = PBXBuildFile; fileRef = BF68C24E1DC6751100DDB54E /* CircleView.swift */; };
/* End PBXBuildFile section */

/* Begin PBXFileReference section */
		BF68C2391DC6747500DDB54E /* DrawingCircles.app */ = {isa = PBXFileReference; explicitFileType = wrapper.application; includeInIndex = 0; path = DrawingCircles.app; sourceTree = BUILT_PRODUCTS_DIR; };
		BF68C23C1DC6747500DDB54E /* AppDelegate.swift */ = {isa = PBXFileReference; lastKnownFileType = sourcecode.swift; path = AppDelegate.swift; sourceTree = "<group>"; };
		BF68C23E1DC6747500DDB54E /* ViewController.swift */ = {isa = PBXFileReference; lastKnownFileType = sourcecode.swift; path = ViewController.swift; sourceTree = "<group>"; };
		BF68C2431DC6747500DDB54E /* Assets.xcassets */ = {isa = PBXFileReference; lastKnownFileType = folder.assetcatalog; path = Assets.xcassets; sourceTree = "<group>"; };
		BF68C2461DC6747500DDB54E /* Base */ = {isa = PBXFileReference; lastKnownFileType = file.storyboard; name = Base; path = Base.lproj/LaunchScreen.storyboard; sourceTree = "<group>"; };
		BF68C2481DC6747500DDB54E /* Info.plist */ = {isa = PBXFileReference; lastKnownFileType = text.plist.xml; path = Info.plist; sourceTree = "<group>"; };
		BF68C24E1DC6751100DDB54E /* CircleView.swift */ = {isa = PBXFileReference; fileEncoding = 4; lastKnownFileType = sourcecode.swift; path = CircleView.swift; sourceTree = "<group>"; };
/* End PBXFileReference section */

/* Begin PBXFrameworksBuildPhase section */
		BF68C2361DC6747500DDB54E /* Frameworks */ = {
			isa = PBXFrameworksBuildPhase;
			buildActionMask = 2147483647;
			files = (
			);
			runOnlyForDeploymentPostprocessing = 0;
		};
/* End PBXFrameworksBuildPhase section */

/* Begin PBXGroup section */
		BF68C2301DC6747500DDB54E = {
			isa = PBXGroup;
			children = (
				BF68C23B1DC6747500DDB54E /* DrawingCircles */,
				BF68C23A1DC6747500DDB54E /* Products */,
			);
			sourceTree = "<group>";
		};
		BF68C23A1DC6747500DDB54E /* Products */ = {
			isa = PBXGroup;
			children = (
				BF68C2391DC6747500DDB54E /* DrawingCircles.app */,
			);
			name = Products;
			sourceTree = "<group>";
		};
		BF68C23B1DC6747500DDB54E /* DrawingCircles */ = {
			isa = PBXGroup;
			children = (
				BF68C23C1DC6747500DDB54E /* AppDelegate.swift */,
				BF68C23E1DC6747500DDB54E /* ViewController.swift */,
				BF68C24E1DC6751100DDB54E /* CircleView.swift */,
				BF68C2431DC6747500DDB54E /* Assets.xcassets */,
				BF68C2451DC6747500DDB54E /* LaunchScreen.storyboard */,
				BF68C2481DC6747500DDB54E /* Info.plist */,
			);
			path = DrawingCircles;
			sourceTree = "<group>";
		};
/* End PBXGroup section */

/* Begin PBXNativeTarget section */
		BF68C2381DC6747500DDB54E /* DrawingCircles */ = {
			isa = PBXNativeTarget;
			buildConfigurationList = BF68C24B1DC6747500DDB54E /* Build configuration list for PBXNativeTarget "DrawingCircles" */;
			buildPhases = (
				BF68C2351DC6747500DDB54E /* Sources */,
				BF68C2361DC6747500DDB54E /* Frameworks */,
				BF68C2371DC6747500DDB54E /* Resources */,
			);
			buildRules = (
			);
			dependencies = (
			);
			name = DrawingCircles;
			productName = DrawingCircles;
			productReference = BF68C2391DC6747500DDB54E /* DrawingCircles.app */;
			productType = "com.apple.product-type.application";
		};
/* End PBXNativeTarget section */

/* Begin PBXProject section */
		BF68C2311DC6747500DDB54E /* Project object */ = {
			isa = PBXProject;
			attributes = {
				LastSwiftUpdateCheck = 0800;
				LastUpgradeCheck = 0800;
				ORGANIZATIONNAME = "Remigio, Kevin (Contractor)";
				TargetAttributes = {
					BF68C2381DC6747500DDB54E = {
						CreatedOnToolsVersion = 8.0;
						DevelopmentTeam = F7GY35J799;
						ProvisioningStyle = Automatic;
					};
				};
			};
			buildConfigurationList = BF68C2341DC6747500DDB54E /* Build configuration list for PBXProject "DrawingCircles" */;
			compatibilityVersion = "Xcode 3.2";
			developmentRegion = English;
			hasScannedForEncodings = 0;
			knownRegions = (
				en,
				Base,
			);
			mainGroup = BF68C2301DC6747500DDB54E;
			productRefGroup = BF68C23A1DC6747500DDB54E /* Products */;
			projectDirPath = "";
			projectRoot = "";
			targets = (
				BF68C2381DC6747500DDB54E /* DrawingCircles */,
			);
		};
/* End PBXProject section */

/* Begin PBXResourcesBuildPhase section */
		BF68C2371DC6747500DDB54E /* Resources */ = {
			isa = PBXResourcesBuildPhase;
			buildActionMask = 2147483647;
			files = (
				BF68C2471DC6747500DDB54E /* LaunchScreen.storyboard in Resources */,
				BF68C2441DC6747500DDB54E /* Assets.xcassets in Resources */,
			);
			runOnlyForDeploymentPostprocessing = 0;
		};
/* End PBXResourcesBuildPhase section */

/* Begin PBXSourcesBuildPhase section */
		BF68C2351DC6747500DDB54E /* Sources */ = {
			isa = PBXSourcesBuildPhase;
			buildActionMask = 2147483647;
			files = (
				BF68C24F1DC6751100DDB54E /* CircleView.swift in Sources */,
				BF68C23F1DC6747500DDB54E /* ViewController.swift in Sources */,
				BF68C23D1DC6747500DDB54E /* AppDelegate.swift in Sources */,
			);
			runOnlyForDeploymentPostprocessing = 0;
		};
/* End PBXSourcesBuildPhase section */

/* Begin PBXVariantGroup section */
		BF68C2451DC6747500DDB54E /* LaunchScreen.storyboard */ = {
			isa = PBXVariantGroup;
			children = (
				BF68C2461DC6747500DDB54E /* Base */,
			);
			name = LaunchScreen.storyboard;
			sourceTree = "<group>";
		};
/* End PBXVariantGroup section */

/* Begin XCBuildConfiguration section */
		BF68C2491DC6747500DDB54E /* Debug */ = {
			isa = XCBuildConfiguration;
			buildSettings = {
				ALWAYS_SEARCH_USER_PATHS = NO;
				CLANG_ANALYZER_NONNULL = YES;
				CLANG_CXX_LANGUAGE_STANDARD = "gnu++0x";
				CLANG_CXX_LIBRARY = "libc++";
				CLANG_ENABLE_MODULES = YES;
				CLANG_ENABLE_OBJC_ARC = YES;
				CLANG_WARN_BOOL_CONVERSION = YES;
				CLANG_WARN_CONSTANT_CONVERSION = YES;
				CLANG_WARN_DIRECT_OBJC_ISA_USAGE = YES_ERROR;
				CLANG_WARN_DOCUMENTATION_COMMENTS = YES;
				CLANG_WARN_EMPTY_BODY = YES;
				CLANG_WARN_ENUM_CONVERSION = YES;
				CLANG_WARN_INFINITE_RECURSION = YES;
				CLANG_WARN_INT_CONVERSION = YES;
				CLANG_WARN_OBJC_ROOT_CLASS = YES_ERROR;
				CLANG_WARN_SUSPICIOUS_MOVES = YES;
				CLANG_WARN_UNREACHABLE_CODE = YES;
				CLANG_WARN__DUPLICATE_METHOD_MATCH = YES;
				"CODE_SIGN_IDENTITY[sdk=iphoneos*]" = "iPhone Developer";
				COPY_PHASE_STRIP = NO;
				DEBUG_INFORMATION_FORMAT = dwarf;
				ENABLE_STRICT_OBJC_MSGSEND = YES;
				ENABLE_TESTABILITY = YES;
				GCC_C_LANGUAGE_STANDARD = gnu99;
				GCC_DYNAMIC_NO_PIC = NO;
				GCC_NO_COMMON_BLOCKS = YES;
				GCC_OPTIMIZATION_LEVEL = 0;
				GCC_PREPROCESSOR_DEFINITIONS = (
					"DEBUG=1",
					"$(inherited)",
				);
				GCC_WARN_64_TO_32_BIT_CONVERSION = YES;
				GCC_WARN_ABOUT_RETURN_TYPE = YES_ERROR;
				GCC_WARN_UNDECLARED_SELECTOR = YES;
				GCC_WARN_UNINITIALIZED_AUTOS = YES_AGGRESSIVE;
				GCC_WARN_UNUSED_FUNCTION = YES;
				GCC_WARN_UNUSED_VARIABLE = YES;
				IPHONEOS_DEPLOYMENT_TARGET = 10.0;
				MTL_ENABLE_DEBUG_INFO = YES;
				ONLY_ACTIVE_ARCH = YES;
				SDKROOT = iphoneos;
				SWIFT_ACTIVE_COMPILATION_CONDITIONS = DEBUG;
				SWIFT_OPTIMIZATION_LEVEL = "-Onone";
				TARGETED_DEVICE_FAMILY = "1,2";
			};
			name = Debug;
		};
		BF68C24A1DC6747500DDB54E /* Release */ = {
			isa = XCBuildConfiguration;
			buildSettings = {
				ALWAYS_SEARCH_USER_PATHS = NO;
				CLANG_ANALYZER_NONNULL = YES;
				CLANG_CXX_LANGUAGE_STANDARD = "gnu++0x";
				CLANG_CXX_LIBRARY = "libc++";
				CLANG_ENABLE_MODULES = YES;
				CLANG_ENABLE_OBJC_ARC = YES;
				CLANG_WARN_BOOL_CONVERSION = YES;
				CLANG_WARN_CONSTANT_CONVERSION = YES;
				CLANG_WARN_DIRECT_OBJC_ISA_USAGE = YES_ERROR;
				CLANG_WARN_DOCUMENTATION_COMMENTS = YES;
				CLANG_WARN_EMPTY_BODY = YES;
				CLANG_WARN_ENUM_CONVERSION = YES;
				CLANG_WARN_INFINITE_RECURSION = YES;
				CLANG_WARN_INT_CONVERSION = YES;
				CLANG_WARN_OBJC_ROOT_CLASS = YES_ERROR;
				CLANG_WARN_SUSPICIOUS_MOVES = YES;
				CLANG_WARN_UNREACHABLE_CODE = YES;
				CLANG_WARN__DUPLICATE_METHOD_MATCH = YES;
				"CODE_SIGN_IDENTITY[sdk=iphoneos*]" = "iPhone Developer";
				COPY_PHASE_STRIP = NO;
				DEBUG_INFORMATION_FORMAT = "dwarf-with-dsym";
				ENABLE_NS_ASSERTIONS = NO;
				ENABLE_STRICT_OBJC_MSGSEND = YES;
				GCC_C_LANGUAGE_STANDARD = gnu99;
				GCC_NO_COMMON_BLOCKS = YES;
				GCC_WARN_64_TO_32_BIT_CONVERSION = YES;
				GCC_WARN_ABOUT_RETURN_TYPE = YES_ERROR;
				GCC_WARN_UNDECLARED_SELECTOR = YES;
				GCC_WARN_UNINITIALIZED_AUTOS = YES_AGGRESSIVE;
				GCC_WARN_UNUSED_FUNCTION = YES;
				GCC_WARN_UNUSED_VARIABLE = YES;
				IPHONEOS_DEPLOYMENT_TARGET = 10.0;
				MTL_ENABLE_DEBUG_INFO = NO;
				SDKROOT = iphoneos;
				SWIFT_OPTIMIZATION_LEVEL = "-Owholemodule";
				TARGETED_DEVICE_FAMILY = "1,2";
				VALIDATE_PRODUCT = YES;
			};
			name = Release;
		};
		BF68C24C1DC6747500DDB54E /* Debug */ = {
			isa = XCBuildConfiguration;
			buildSettings = {
				ASSETCATALOG_COMPILER_APPICON_NAME = AppIcon;
				DEVELOPMENT_TEAM = F7GY35J799;
				INFOPLIST_FILE = DrawingCircles/Info.plist;
				IPHONEOS_DEPLOYMENT_TARGET = 9.0;
				LD_RUNPATH_SEARCH_PATHS = "$(inherited) @executable_path/Frameworks";
				PRODUCT_BUNDLE_IDENTIFIER = kevin.DrawingCircles;
				PRODUCT_NAME = "$(TARGET_NAME)";
				SWIFT_VERSION = 3.0;
			};
			name = Debug;
		};
		BF68C24D1DC6747500DDB54E /* Release */ = {
			isa = XCBuildConfiguration;
			buildSettings = {
				ASSETCATALOG_COMPILER_APPICON_NAME = AppIcon;
				DEVELOPMENT_TEAM = F7GY35J799;
				INFOPLIST_FILE = DrawingCircles/Info.plist;
				IPHONEOS_DEPLOYMENT_TARGET = 9.0;
				LD_RUNPATH_SEARCH_PATHS = "$(inherited) @executable_path/Frameworks";
				PRODUCT_BUNDLE_IDENTIFIER = kevin.DrawingCircles;
				PRODUCT_NAME = "$(TARGET_NAME)";
				SWIFT_VERSION = 3.0;
			};
			name = Release;
		};
/* End XCBuildConfiguration section */

/* Begin XCConfigurationList section */
		BF68C2341DC6747500DDB54E /* Build configuration list for PBXProject "DrawingCircles" */ = {
			isa = XCConfigurationList;
			buildConfigurations = (
				BF68C2491DC6747500DDB54E /* Debug */,
				BF68C24A1DC6747500DDB54E /* Release */,
			);
			defaultConfigurationIsVisible = 0;
			defaultConfigurationName = Release;
		};
		BF68C24B1DC6747500DDB54E /* Build configuration list for PBXNativeTarget "DrawingCircles" */ = {
			isa = XCConfigurationList;
			buildConfigurations = (
				BF68C24C1DC6747500DDB54E /* Debug */,
				BF68C24D1DC6747500DDB54E /* Release */,
			);
			defaultConfigurationIsVisible = 0;
			defaultConfigurationName = Release;
		};
/* End XCConfigurationList section */
	};
	rootObject = BF68C2311DC6747500DDB54E /* Project object */;
}
